
Microsoft Visual Studio Solution File, Format Version 12.00
# Visual Studio Version 16
VisualStudioVersion = 16.0.30204.135
MinimumVisualStudioVersion = 10.0.40219.1
Project("{9A19103F-16F7-4668-BE54-9A1E7A4F7556}") = "PersonBuilder", "PersonBuilder\PersonBuilder.csproj", "{5744EE7F-AD2B-4614-93EE-4E2EA1C71396}"
EndProject
Project("{9A19103F-16F7-4668-BE54-9A1E7A4F7556}") = "SalaryCalculator", "SalaryCalculator\SalaryCalculator.csproj", "{A967D7FB-16CC-4E2A-8A06-AE8EE1DF399F}"
EndProject
Project("{9A19103F-16F7-4668-BE54-9A1E7A4F7556}") = "ScreenFilter", "ScreenFilter\ScreenFilter.csproj", "{E7426211-BB1A-4C4D-B90A-23E5012ACCCD}"
EndProject
Project("{9A19103F-16F7-4668-BE54-9A1E7A4F7556}") = "PersonProfileBuilder", "PersonProfile\PersonProfileBuilder.csproj", "{F746D68A-2E9C-45D8-8950-3AA4F3FF8ABD}"
EndProject
Project("{9A19103F-16F7-4668-BE54-9A1E7A4F7556}") = "CodeBuilder", "CodeBuilder\CodeBuilder.csproj", "{33100ECD-900B-4CCD-A9C9-1538C6423D76}"
EndProject
Project("{9A19103F-16F7-4668-BE54-9A1E7A4F7556}") = "PersonFactory", "PersonFactory\PersonFactory.csproj", "{58495345-4279-46CA-9044-1FB31B7BEEFB}"
EndProject
Project("{9A19103F-16F7-4668-BE54-9A1E7A4F7556}") = "HotDrinkFactory", "HotDrinkFactory\HotDrinkFactory.csproj", "{B24247F6-1531-4F70-8883-E9A1D0F33C71}"
EndProject
Project("{9A19103F-16F7-4668-BE54-9A1E7A4F7556}") = "PopulationDatabase", "PopulationDatabase\PopulationDatabase.csproj", "{BAB3479C-DF8D-4C47-A795-EE0A751B27EB}"
EndProject
Project("{2150E333-8FDC-42A3-9474-1A3956D46DE8}") = "Creation", "Creation", "{1355B9AD-3849-4B68-BBDF-0EEEB8ACFEB4}"
EndProject
Project("{2150E333-8FDC-42A3-9474-1A3956D46DE8}") = "Structure", "Structure", "{52381A07-FBA1-4686-87FC-8AAC2E9CE7A4}"
EndProject
Project("{2150E333-8FDC-42A3-9474-1A3956D46DE8}") = "Behaviour", "Behaviour", "{5582A635-4F9B-4142-9E67-5EBAE3E5C789}"
EndProject
Project("{9A19103F-16F7-4668-BE54-9A1E7A4F7556}") = "ButtonAdapter", "ButtonAdapter\ButtonAdapter.csproj", "{76E3F3B7-18E3-4126-8C4D-1BC993EFB051}"
EndProject
Project("{FAE04EC0-301F-11D3-BF4B-00C04F79EFBC}") = "VectorRasterBridge", "VectorRasterBridge\VectorRasterBridge.csproj", "{C35A21A4-B550-4F36-A656-B05F2934E31E}"
EndProject
Global
	GlobalSection(SolutionConfigurationPlatforms) = preSolution
		Debug|Any CPU = Debug|Any CPU
		Release|Any CPU = Release|Any CPU
	EndGlobalSection
	GlobalSection(ProjectConfigurationPlatforms) = postSolution
		{5744EE7F-AD2B-4614-93EE-4E2EA1C71396}.Debug|Any CPU.ActiveCfg = Debug|Any CPU
		{5744EE7F-AD2B-4614-93EE-4E2EA1C71396}.Debug|Any CPU.Build.0 = Debug|Any CPU
		{5744EE7F-AD2B-4614-93EE-4E2EA1C71396}.Release|Any CPU.ActiveCfg = Release|Any CPU
		{5744EE7F-AD2B-4614-93EE-4E2EA1C71396}.Release|Any CPU.Build.0 = Release|Any CPU
		{A967D7FB-16CC-4E2A-8A06-AE8EE1DF399F}.Debug|Any CPU.ActiveCfg = Debug|Any CPU
		{A967D7FB-16CC-4E2A-8A06-AE8EE1DF399F}.Debug|Any CPU.Build.0 = Debug|Any CPU
		{A967D7FB-16CC-4E2A-8A06-AE8EE1DF399F}.Release|Any CPU.ActiveCfg = Release|Any CPU
		{A967D7FB-16CC-4E2A-8A06-AE8EE1DF399F}.Release|Any CPU.Build.0 = Release|Any CPU
		{E7426211-BB1A-4C4D-B90A-23E5012ACCCD}.Debug|Any CPU.ActiveCfg = Debug|Any CPU
		{E7426211-BB1A-4C4D-B90A-23E5012ACCCD}.Debug|Any CPU.Build.0 = Debug|Any CPU
		{E7426211-BB1A-4C4D-B90A-23E5012ACCCD}.Release|Any CPU.ActiveCfg = Release|Any CPU
		{E7426211-BB1A-4C4D-B90A-23E5012ACCCD}.Release|Any CPU.Build.0 = Release|Any CPU
		{F746D68A-2E9C-45D8-8950-3AA4F3FF8ABD}.Debug|Any CPU.ActiveCfg = Debug|Any CPU
		{F746D68A-2E9C-45D8-8950-3AA4F3FF8ABD}.Debug|Any CPU.Build.0 = Debug|Any CPU
		{F746D68A-2E9C-45D8-8950-3AA4F3FF8ABD}.Release|Any CPU.ActiveCfg = Release|Any CPU
		{F746D68A-2E9C-45D8-8950-3AA4F3FF8ABD}.Release|Any CPU.Build.0 = Release|Any CPU
		{33100ECD-900B-4CCD-A9C9-1538C6423D76}.Debug|Any CPU.ActiveCfg = Debug|Any CPU
		{33100ECD-900B-4CCD-A9C9-1538C6423D76}.Debug|Any CPU.Build.0 = Debug|Any CPU
		{33100ECD-900B-4CCD-A9C9-1538C6423D76}.Release|Any CPU.ActiveCfg = Release|Any CPU
		{33100ECD-900B-4CCD-A9C9-1538C6423D76}.Release|Any CPU.Build.0 = Release|Any CPU
		{58495345-4279-46CA-9044-1FB31B7BEEFB}.Debug|Any CPU.ActiveCfg = Debug|Any CPU
		{58495345-4279-46CA-9044-1FB31B7BEEFB}.Debug|Any CPU.Build.0 = Debug|Any CPU
		{58495345-4279-46CA-9044-1FB31B7BEEFB}.Release|Any CPU.ActiveCfg = Release|Any CPU
		{58495345-4279-46CA-9044-1FB31B7BEEFB}.Release|Any CPU.Build.0 = Release|Any CPU
		{B24247F6-1531-4F70-8883-E9A1D0F33C71}.Debug|Any CPU.ActiveCfg = Debug|Any CPU
		{B24247F6-1531-4F70-8883-E9A1D0F33C71}.Debug|Any CPU.Build.0 = Debug|Any CPU
		{B24247F6-1531-4F70-8883-E9A1D0F33C71}.Release|Any CPU.ActiveCfg = Release|Any CPU
		{B24247F6-1531-4F70-8883-E9A1D0F33C71}.Release|Any CPU.Build.0 = Release|Any CPU
		{BAB3479C-DF8D-4C47-A795-EE0A751B27EB}.Debug|Any CPU.ActiveCfg = Debug|Any CPU
		{BAB3479C-DF8D-4C47-A795-EE0A751B27EB}.Debug|Any CPU.Build.0 = Debug|Any CPU
		{BAB3479C-DF8D-4C47-A795-EE0A751B27EB}.Release|Any CPU.ActiveCfg = Release|Any CPU
		{BAB3479C-DF8D-4C47-A795-EE0A751B27EB}.Release|Any CPU.Build.0 = Release|Any CPU
		{76E3F3B7-18E3-4126-8C4D-1BC993EFB051}.Debug|Any CPU.ActiveCfg = Debug|Any CPU
		{76E3F3B7-18E3-4126-8C4D-1BC993EFB051}.Debug|Any CPU.Build.0 = Debug|Any CPU
		{76E3F3B7-18E3-4126-8C4D-1BC993EFB051}.Release|Any CPU.ActiveCfg = Release|Any CPU
		{76E3F3B7-18E3-4126-8C4D-1BC993EFB051}.Release|Any CPU.Build.0 = Release|Any CPU
		{C35A21A4-B550-4F36-A656-B05F2934E31E}.Debug|Any CPU.ActiveCfg = Debug|Any CPU
		{C35A21A4-B550-4F36-A656-B05F2934E31E}.Debug|Any CPU.Build.0 = Debug|Any CPU
		{C35A21A4-B550-4F36-A656-B05F2934E31E}.Release|Any CPU.ActiveCfg = Release|Any CPU
		{C35A21A4-B550-4F36-A656-B05F2934E31E}.Release|Any CPU.Build.0 = Release|Any CPU
	EndGlobalSection
	GlobalSection(SolutionProperties) = preSolution
		HideSolutionNode = FALSE
	EndGlobalSection
	GlobalSection(NestedProjects) = preSolution
		{5744EE7F-AD2B-4614-93EE-4E2EA1C71396} = {1355B9AD-3849-4B68-BBDF-0EEEB8ACFEB4}
		{A967D7FB-16CC-4E2A-8A06-AE8EE1DF399F} = {1355B9AD-3849-4B68-BBDF-0EEEB8ACFEB4}
		{E7426211-BB1A-4C4D-B90A-23E5012ACCCD} = {1355B9AD-3849-4B68-BBDF-0EEEB8ACFEB4}
		{F746D68A-2E9C-45D8-8950-3AA4F3FF8ABD} = {1355B9AD-3849-4B68-BBDF-0EEEB8ACFEB4}
		{33100ECD-900B-4CCD-A9C9-1538C6423D76} = {1355B9AD-3849-4B68-BBDF-0EEEB8ACFEB4}
		{58495345-4279-46CA-9044-1FB31B7BEEFB} = {1355B9AD-3849-4B68-BBDF-0EEEB8ACFEB4}
		{B24247F6-1531-4F70-8883-E9A1D0F33C71} = {1355B9AD-3849-4B68-BBDF-0EEEB8ACFEB4}
		{BAB3479C-DF8D-4C47-A795-EE0A751B27EB} = {1355B9AD-3849-4B68-BBDF-0EEEB8ACFEB4}
		{76E3F3B7-18E3-4126-8C4D-1BC993EFB051} = {52381A07-FBA1-4686-87FC-8AAC2E9CE7A4}
		{C35A21A4-B550-4F36-A656-B05F2934E31E} = {52381A07-FBA1-4686-87FC-8AAC2E9CE7A4}
	EndGlobalSection
	GlobalSection(ExtensibilityGlobals) = postSolution
		SolutionGuid = {B6FF3821-E085-4F5E-8480-E7E353D5F5ED}
	EndGlobalSection
EndGlobal
