
Microsoft Visual Studio Solution File, Format Version 12.00
# Visual Studio Version 16
VisualStudioVersion = 16.0.30204.135
MinimumVisualStudioVersion = 10.0.40219.1
Project("{9A19103F-16F7-4668-BE54-9A1E7A4F7556}") = "PersonBuilder", "PersonBuilder\PersonBuilder.csproj", "{5744EE7F-AD2B-4614-93EE-4E2EA1C71396}"
EndProject
Project("{9A19103F-16F7-4668-BE54-9A1E7A4F7556}") = "SalaryCalculator", "SalaryCalculator\SalaryCalculator.csproj", "{A967D7FB-16CC-4E2A-8A06-AE8EE1DF399F}"
EndProject
Project("{9A19103F-16F7-4668-BE54-9A1E7A4F7556}") = "ScreenFilter", "ScreenFilter\ScreenFilter.csproj", "{E7426211-BB1A-4C4D-B90A-23E5012ACCCD}"
EndProject
Project("{9A19103F-16F7-4668-BE54-9A1E7A4F7556}") = "PersonProfileBuilder", "PersonProfile\PersonProfileBuilder.csproj", "{F746D68A-2E9C-45D8-8950-3AA4F3FF8ABD}"
EndProject
Project("{9A19103F-16F7-4668-BE54-9A1E7A4F7556}") = "CodeBuilder", "CodeBuilder\CodeBuilder.csproj", "{33100ECD-900B-4CCD-A9C9-1538C6423D76}"
EndProject
Project("{9A19103F-16F7-4668-BE54-9A1E7A4F7556}") = "PersonFactory", "PersonFactory\PersonFactory.csproj", "{58495345-4279-46CA-9044-1FB31B7BEEFB}"
EndProject
Project("{9A19103F-16F7-4668-BE54-9A1E7A4F7556}") = "HotDrinkFactory", "HotDrinkFactory\HotDrinkFactory.csproj", "{B24247F6-1531-4F70-8883-E9A1D0F33C71}"
EndProject
Project("{9A19103F-16F7-4668-BE54-9A1E7A4F7556}") = "PopulationDatabase", "PopulationDatabase\PopulationDatabase.csproj", "{BAB3479C-DF8D-4C47-A795-EE0A751B27EB}"
EndProject
Project("{2150E333-8FDC-42A3-9474-1A3956D46DE8}") = "Creation", "Creation", "{1355B9AD-3849-4B68-BBDF-0EEEB8ACFEB4}"
EndProject
Project("{2150E333-8FDC-42A3-9474-1A3956D46DE8}") = "Structure", "Structure", "{52381A07-FBA1-4686-87FC-8AAC2E9CE7A4}"
EndProject
Project("{2150E333-8FDC-42A3-9474-1A3956D46DE8}") = "Behaviour", "Behaviour", "{5582A635-4F9B-4142-9E67-5EBAE3E5C789}"
EndProject
Project("{9A19103F-16F7-4668-BE54-9A1E7A4F7556}") = "ButtonAdapter", "ButtonAdapter\ButtonAdapter.csproj", "{76E3F3B7-18E3-4126-8C4D-1BC993EFB051}"
EndProject
Project("{9A19103F-16F7-4668-BE54-9A1E7A4F7556}") = "VectorRasterBridge", "VectorRasterBridge\VectorRasterBridge.csproj", "{C35A21A4-B550-4F36-A656-B05F2934E31E}"
EndProject
Project("{9A19103F-16F7-4668-BE54-9A1E7A4F7556}") = "CompositeStructure", "CompositeStructure\CompositeStructure.csproj", "{13BCBF4D-8DEA-4990-AEC0-0BA09CF32896}"
EndProject
Project("{9A19103F-16F7-4668-BE54-9A1E7A4F7556}") = "DragonDecorator", "DragonDecorator\DragonDecorator.csproj", "{3308B718-EC82-438C-BD2D-C164319E4607}"
EndProject
Project("{9A19103F-16F7-4668-BE54-9A1E7A4F7556}") = "DecoratorDI", "DecoratorDI\DecoratorDI.csproj", "{9528D8BF-5359-4C4F-8C21-A813532E9273}"
EndProject
Project("{9A19103F-16F7-4668-BE54-9A1E7A4F7556}") = "MagicSquare", "MagicSquare\MagicSquare.csproj", "{45177F0E-27C0-40F3-AD7D-0CBF898A4977}"
EndProject
Project("{9A19103F-16F7-4668-BE54-9A1E7A4F7556}") = "Capitalise", "Capitalize\Capitalise.csproj", "{73941E98-E41C-4D92-9DED-887CACB97711}"
EndProject
Project("{9A19103F-16F7-4668-BE54-9A1E7A4F7556}") = "PersonProxy", "PersonProxy\PersonProxy.csproj", "{4BC191E0-E60F-4AEA-BF9B-42F45E8A6759}"
EndProject
Project("{9A19103F-16F7-4668-BE54-9A1E7A4F7556}") = "GoblinGame", "GoblinGame\GoblinGame.csproj", "{45CD4E4A-D612-41F8-ACC9-A64A71484E02}"
EndProject
Project("{9A19103F-16F7-4668-BE54-9A1E7A4F7556}") = "BalanceProcess", "BalanceProcess\BalanceProcess.csproj", "{24AC0C66-6DF4-4BB9-BBC4-4B70D93B2CA9}"
EndProject
Project("{9A19103F-16F7-4668-BE54-9A1E7A4F7556}") = "Interpreter", "Interpreter\Interpreter.csproj", "{2020ADA8-089D-4753-8F3C-5EF19AE0E1A3}"
EndProject
Project("{9A19103F-16F7-4668-BE54-9A1E7A4F7556}") = "NodeTraversalIterator", "NodeTraversal\NodeTraversalIterator.csproj", "{E1EC5CCB-C929-4C24-BE7B-FC0773664D20}"
EndProject
Project("{9A19103F-16F7-4668-BE54-9A1E7A4F7556}") = "BroadcastMediator", "BroadcastMediator\BroadcastMediator.csproj", "{DC68B081-42BC-4820-B22F-C4C4A9D891EB}"
EndProject
Project("{9A19103F-16F7-4668-BE54-9A1E7A4F7556}") = "TokenMemento", "TokenMemento\TokenMemento.csproj", "{BC813378-C602-4DD6-A3F9-3F72E4595E82}"
EndProject
Project("{9A19103F-16F7-4668-BE54-9A1E7A4F7556}") = "AccountWithNullLog", "AccountWithNullLog\AccountWithNullLog.csproj", "{FC31FA29-69B8-4769-B26B-2627A048ED8F}"
EndProject
Project("{FAE04EC0-301F-11D3-BF4B-00C04F79EFBC}") = "GameWithObserver", "GameWithObserver\GameWithObserver.csproj", "{BEDE1CCD-53F6-479F-82F8-DCEF4D1B5358}"
EndProject
Project("{FAE04EC0-301F-11D3-BF4B-00C04F79EFBC}") = "CombinationLock", "CombinationLock\CombinationLock.csproj", "{B8350136-A7A4-4454-A297-27192784A7DA}"
EndProject
Project("{FAE04EC0-301F-11D3-BF4B-00C04F79EFBC}") = "QuadraticEquationSolver", "QuadraticEquationSolver\QuadraticEquationSolver.csproj", "{66BD79D9-D562-4B5A-A072-2EDC0620B642}"
EndProject
Project("{FAE04EC0-301F-11D3-BF4B-00C04F79EFBC}") = "CardGame", "CardGame\CardGame.csproj", "{5AB94F41-4BF3-423F-98FA-9C96D059DC84}"
EndProject
Project("{FAE04EC0-301F-11D3-BF4B-00C04F79EFBC}") = "MathExpressionWithVisitor", "MathExpressionWithVisitor\MathExpressionWithVisitor.csproj", "{60463105-B69B-4C50-995E-1395FB0D3BAC}"
EndProject
Global
	GlobalSection(SolutionConfigurationPlatforms) = preSolution
		Debug|Any CPU = Debug|Any CPU
		Release|Any CPU = Release|Any CPU
	EndGlobalSection
	GlobalSection(ProjectConfigurationPlatforms) = postSolution
		{5744EE7F-AD2B-4614-93EE-4E2EA1C71396}.Debug|Any CPU.ActiveCfg = Debug|Any CPU
		{5744EE7F-AD2B-4614-93EE-4E2EA1C71396}.Debug|Any CPU.Build.0 = Debug|Any CPU
		{5744EE7F-AD2B-4614-93EE-4E2EA1C71396}.Release|Any CPU.ActiveCfg = Release|Any CPU
		{5744EE7F-AD2B-4614-93EE-4E2EA1C71396}.Release|Any CPU.Build.0 = Release|Any CPU
		{A967D7FB-16CC-4E2A-8A06-AE8EE1DF399F}.Debug|Any CPU.ActiveCfg = Debug|Any CPU
		{A967D7FB-16CC-4E2A-8A06-AE8EE1DF399F}.Debug|Any CPU.Build.0 = Debug|Any CPU
		{A967D7FB-16CC-4E2A-8A06-AE8EE1DF399F}.Release|Any CPU.ActiveCfg = Release|Any CPU
		{A967D7FB-16CC-4E2A-8A06-AE8EE1DF399F}.Release|Any CPU.Build.0 = Release|Any CPU
		{E7426211-BB1A-4C4D-B90A-23E5012ACCCD}.Debug|Any CPU.ActiveCfg = Debug|Any CPU
		{E7426211-BB1A-4C4D-B90A-23E5012ACCCD}.Debug|Any CPU.Build.0 = Debug|Any CPU
		{E7426211-BB1A-4C4D-B90A-23E5012ACCCD}.Release|Any CPU.ActiveCfg = Release|Any CPU
		{E7426211-BB1A-4C4D-B90A-23E5012ACCCD}.Release|Any CPU.Build.0 = Release|Any CPU
		{F746D68A-2E9C-45D8-8950-3AA4F3FF8ABD}.Debug|Any CPU.ActiveCfg = Debug|Any CPU
		{F746D68A-2E9C-45D8-8950-3AA4F3FF8ABD}.Debug|Any CPU.Build.0 = Debug|Any CPU
		{F746D68A-2E9C-45D8-8950-3AA4F3FF8ABD}.Release|Any CPU.ActiveCfg = Release|Any CPU
		{F746D68A-2E9C-45D8-8950-3AA4F3FF8ABD}.Release|Any CPU.Build.0 = Release|Any CPU
		{33100ECD-900B-4CCD-A9C9-1538C6423D76}.Debug|Any CPU.ActiveCfg = Debug|Any CPU
		{33100ECD-900B-4CCD-A9C9-1538C6423D76}.Debug|Any CPU.Build.0 = Debug|Any CPU
		{33100ECD-900B-4CCD-A9C9-1538C6423D76}.Release|Any CPU.ActiveCfg = Release|Any CPU
		{33100ECD-900B-4CCD-A9C9-1538C6423D76}.Release|Any CPU.Build.0 = Release|Any CPU
		{58495345-4279-46CA-9044-1FB31B7BEEFB}.Debug|Any CPU.ActiveCfg = Debug|Any CPU
		{58495345-4279-46CA-9044-1FB31B7BEEFB}.Debug|Any CPU.Build.0 = Debug|Any CPU
		{58495345-4279-46CA-9044-1FB31B7BEEFB}.Release|Any CPU.ActiveCfg = Release|Any CPU
		{58495345-4279-46CA-9044-1FB31B7BEEFB}.Release|Any CPU.Build.0 = Release|Any CPU
		{B24247F6-1531-4F70-8883-E9A1D0F33C71}.Debug|Any CPU.ActiveCfg = Debug|Any CPU
		{B24247F6-1531-4F70-8883-E9A1D0F33C71}.Debug|Any CPU.Build.0 = Debug|Any CPU
		{B24247F6-1531-4F70-8883-E9A1D0F33C71}.Release|Any CPU.ActiveCfg = Release|Any CPU
		{B24247F6-1531-4F70-8883-E9A1D0F33C71}.Release|Any CPU.Build.0 = Release|Any CPU
		{BAB3479C-DF8D-4C47-A795-EE0A751B27EB}.Debug|Any CPU.ActiveCfg = Debug|Any CPU
		{BAB3479C-DF8D-4C47-A795-EE0A751B27EB}.Debug|Any CPU.Build.0 = Debug|Any CPU
		{BAB3479C-DF8D-4C47-A795-EE0A751B27EB}.Release|Any CPU.ActiveCfg = Release|Any CPU
		{BAB3479C-DF8D-4C47-A795-EE0A751B27EB}.Release|Any CPU.Build.0 = Release|Any CPU
		{76E3F3B7-18E3-4126-8C4D-1BC993EFB051}.Debug|Any CPU.ActiveCfg = Debug|Any CPU
		{76E3F3B7-18E3-4126-8C4D-1BC993EFB051}.Debug|Any CPU.Build.0 = Debug|Any CPU
		{76E3F3B7-18E3-4126-8C4D-1BC993EFB051}.Release|Any CPU.ActiveCfg = Release|Any CPU
		{76E3F3B7-18E3-4126-8C4D-1BC993EFB051}.Release|Any CPU.Build.0 = Release|Any CPU
		{C35A21A4-B550-4F36-A656-B05F2934E31E}.Debug|Any CPU.ActiveCfg = Debug|Any CPU
		{C35A21A4-B550-4F36-A656-B05F2934E31E}.Debug|Any CPU.Build.0 = Debug|Any CPU
		{C35A21A4-B550-4F36-A656-B05F2934E31E}.Release|Any CPU.ActiveCfg = Release|Any CPU
		{C35A21A4-B550-4F36-A656-B05F2934E31E}.Release|Any CPU.Build.0 = Release|Any CPU
		{13BCBF4D-8DEA-4990-AEC0-0BA09CF32896}.Debug|Any CPU.ActiveCfg = Debug|Any CPU
		{13BCBF4D-8DEA-4990-AEC0-0BA09CF32896}.Debug|Any CPU.Build.0 = Debug|Any CPU
		{13BCBF4D-8DEA-4990-AEC0-0BA09CF32896}.Release|Any CPU.ActiveCfg = Release|Any CPU
		{13BCBF4D-8DEA-4990-AEC0-0BA09CF32896}.Release|Any CPU.Build.0 = Release|Any CPU
		{3308B718-EC82-438C-BD2D-C164319E4607}.Debug|Any CPU.ActiveCfg = Debug|Any CPU
		{3308B718-EC82-438C-BD2D-C164319E4607}.Debug|Any CPU.Build.0 = Debug|Any CPU
		{3308B718-EC82-438C-BD2D-C164319E4607}.Release|Any CPU.ActiveCfg = Release|Any CPU
		{3308B718-EC82-438C-BD2D-C164319E4607}.Release|Any CPU.Build.0 = Release|Any CPU
		{9528D8BF-5359-4C4F-8C21-A813532E9273}.Debug|Any CPU.ActiveCfg = Debug|Any CPU
		{9528D8BF-5359-4C4F-8C21-A813532E9273}.Debug|Any CPU.Build.0 = Debug|Any CPU
		{9528D8BF-5359-4C4F-8C21-A813532E9273}.Release|Any CPU.ActiveCfg = Release|Any CPU
		{9528D8BF-5359-4C4F-8C21-A813532E9273}.Release|Any CPU.Build.0 = Release|Any CPU
		{45177F0E-27C0-40F3-AD7D-0CBF898A4977}.Debug|Any CPU.ActiveCfg = Debug|Any CPU
		{45177F0E-27C0-40F3-AD7D-0CBF898A4977}.Debug|Any CPU.Build.0 = Debug|Any CPU
		{45177F0E-27C0-40F3-AD7D-0CBF898A4977}.Release|Any CPU.ActiveCfg = Release|Any CPU
		{45177F0E-27C0-40F3-AD7D-0CBF898A4977}.Release|Any CPU.Build.0 = Release|Any CPU
		{73941E98-E41C-4D92-9DED-887CACB97711}.Debug|Any CPU.ActiveCfg = Debug|Any CPU
		{73941E98-E41C-4D92-9DED-887CACB97711}.Debug|Any CPU.Build.0 = Debug|Any CPU
		{73941E98-E41C-4D92-9DED-887CACB97711}.Release|Any CPU.ActiveCfg = Release|Any CPU
		{73941E98-E41C-4D92-9DED-887CACB97711}.Release|Any CPU.Build.0 = Release|Any CPU
		{4BC191E0-E60F-4AEA-BF9B-42F45E8A6759}.Debug|Any CPU.ActiveCfg = Debug|Any CPU
		{4BC191E0-E60F-4AEA-BF9B-42F45E8A6759}.Debug|Any CPU.Build.0 = Debug|Any CPU
		{4BC191E0-E60F-4AEA-BF9B-42F45E8A6759}.Release|Any CPU.ActiveCfg = Release|Any CPU
		{4BC191E0-E60F-4AEA-BF9B-42F45E8A6759}.Release|Any CPU.Build.0 = Release|Any CPU
		{45CD4E4A-D612-41F8-ACC9-A64A71484E02}.Debug|Any CPU.ActiveCfg = Debug|Any CPU
		{45CD4E4A-D612-41F8-ACC9-A64A71484E02}.Debug|Any CPU.Build.0 = Debug|Any CPU
		{45CD4E4A-D612-41F8-ACC9-A64A71484E02}.Release|Any CPU.ActiveCfg = Release|Any CPU
		{45CD4E4A-D612-41F8-ACC9-A64A71484E02}.Release|Any CPU.Build.0 = Release|Any CPU
		{24AC0C66-6DF4-4BB9-BBC4-4B70D93B2CA9}.Debug|Any CPU.ActiveCfg = Debug|Any CPU
		{24AC0C66-6DF4-4BB9-BBC4-4B70D93B2CA9}.Debug|Any CPU.Build.0 = Debug|Any CPU
		{24AC0C66-6DF4-4BB9-BBC4-4B70D93B2CA9}.Release|Any CPU.ActiveCfg = Release|Any CPU
		{24AC0C66-6DF4-4BB9-BBC4-4B70D93B2CA9}.Release|Any CPU.Build.0 = Release|Any CPU
		{2020ADA8-089D-4753-8F3C-5EF19AE0E1A3}.Debug|Any CPU.ActiveCfg = Debug|Any CPU
		{2020ADA8-089D-4753-8F3C-5EF19AE0E1A3}.Debug|Any CPU.Build.0 = Debug|Any CPU
		{2020ADA8-089D-4753-8F3C-5EF19AE0E1A3}.Release|Any CPU.ActiveCfg = Release|Any CPU
		{2020ADA8-089D-4753-8F3C-5EF19AE0E1A3}.Release|Any CPU.Build.0 = Release|Any CPU
		{E1EC5CCB-C929-4C24-BE7B-FC0773664D20}.Debug|Any CPU.ActiveCfg = Debug|Any CPU
		{E1EC5CCB-C929-4C24-BE7B-FC0773664D20}.Debug|Any CPU.Build.0 = Debug|Any CPU
		{E1EC5CCB-C929-4C24-BE7B-FC0773664D20}.Release|Any CPU.ActiveCfg = Release|Any CPU
		{E1EC5CCB-C929-4C24-BE7B-FC0773664D20}.Release|Any CPU.Build.0 = Release|Any CPU
		{DC68B081-42BC-4820-B22F-C4C4A9D891EB}.Debug|Any CPU.ActiveCfg = Debug|Any CPU
		{DC68B081-42BC-4820-B22F-C4C4A9D891EB}.Debug|Any CPU.Build.0 = Debug|Any CPU
		{DC68B081-42BC-4820-B22F-C4C4A9D891EB}.Release|Any CPU.ActiveCfg = Release|Any CPU
		{DC68B081-42BC-4820-B22F-C4C4A9D891EB}.Release|Any CPU.Build.0 = Release|Any CPU
		{BC813378-C602-4DD6-A3F9-3F72E4595E82}.Debug|Any CPU.ActiveCfg = Debug|Any CPU
		{BC813378-C602-4DD6-A3F9-3F72E4595E82}.Debug|Any CPU.Build.0 = Debug|Any CPU
		{BC813378-C602-4DD6-A3F9-3F72E4595E82}.Release|Any CPU.ActiveCfg = Release|Any CPU
		{BC813378-C602-4DD6-A3F9-3F72E4595E82}.Release|Any CPU.Build.0 = Release|Any CPU
		{FC31FA29-69B8-4769-B26B-2627A048ED8F}.Debug|Any CPU.ActiveCfg = Debug|Any CPU
		{FC31FA29-69B8-4769-B26B-2627A048ED8F}.Debug|Any CPU.Build.0 = Debug|Any CPU
		{FC31FA29-69B8-4769-B26B-2627A048ED8F}.Release|Any CPU.ActiveCfg = Release|Any CPU
		{FC31FA29-69B8-4769-B26B-2627A048ED8F}.Release|Any CPU.Build.0 = Release|Any CPU
		{BEDE1CCD-53F6-479F-82F8-DCEF4D1B5358}.Debug|Any CPU.ActiveCfg = Debug|Any CPU
		{BEDE1CCD-53F6-479F-82F8-DCEF4D1B5358}.Debug|Any CPU.Build.0 = Debug|Any CPU
		{BEDE1CCD-53F6-479F-82F8-DCEF4D1B5358}.Release|Any CPU.ActiveCfg = Release|Any CPU
		{BEDE1CCD-53F6-479F-82F8-DCEF4D1B5358}.Release|Any CPU.Build.0 = Release|Any CPU
		{B8350136-A7A4-4454-A297-27192784A7DA}.Debug|Any CPU.ActiveCfg = Debug|Any CPU
		{B8350136-A7A4-4454-A297-27192784A7DA}.Debug|Any CPU.Build.0 = Debug|Any CPU
		{B8350136-A7A4-4454-A297-27192784A7DA}.Release|Any CPU.ActiveCfg = Release|Any CPU
		{B8350136-A7A4-4454-A297-27192784A7DA}.Release|Any CPU.Build.0 = Release|Any CPU
		{66BD79D9-D562-4B5A-A072-2EDC0620B642}.Debug|Any CPU.ActiveCfg = Debug|Any CPU
		{66BD79D9-D562-4B5A-A072-2EDC0620B642}.Debug|Any CPU.Build.0 = Debug|Any CPU
		{66BD79D9-D562-4B5A-A072-2EDC0620B642}.Release|Any CPU.ActiveCfg = Release|Any CPU
		{66BD79D9-D562-4B5A-A072-2EDC0620B642}.Release|Any CPU.Build.0 = Release|Any CPU
		{5AB94F41-4BF3-423F-98FA-9C96D059DC84}.Debug|Any CPU.ActiveCfg = Debug|Any CPU
		{5AB94F41-4BF3-423F-98FA-9C96D059DC84}.Debug|Any CPU.Build.0 = Debug|Any CPU
		{5AB94F41-4BF3-423F-98FA-9C96D059DC84}.Release|Any CPU.ActiveCfg = Release|Any CPU
		{5AB94F41-4BF3-423F-98FA-9C96D059DC84}.Release|Any CPU.Build.0 = Release|Any CPU
		{60463105-B69B-4C50-995E-1395FB0D3BAC}.Debug|Any CPU.ActiveCfg = Debug|Any CPU
		{60463105-B69B-4C50-995E-1395FB0D3BAC}.Debug|Any CPU.Build.0 = Debug|Any CPU
		{60463105-B69B-4C50-995E-1395FB0D3BAC}.Release|Any CPU.ActiveCfg = Release|Any CPU
		{60463105-B69B-4C50-995E-1395FB0D3BAC}.Release|Any CPU.Build.0 = Release|Any CPU
	EndGlobalSection
	GlobalSection(SolutionProperties) = preSolution
		HideSolutionNode = FALSE
	EndGlobalSection
	GlobalSection(NestedProjects) = preSolution
		{5744EE7F-AD2B-4614-93EE-4E2EA1C71396} = {1355B9AD-3849-4B68-BBDF-0EEEB8ACFEB4}
		{A967D7FB-16CC-4E2A-8A06-AE8EE1DF399F} = {1355B9AD-3849-4B68-BBDF-0EEEB8ACFEB4}
		{E7426211-BB1A-4C4D-B90A-23E5012ACCCD} = {1355B9AD-3849-4B68-BBDF-0EEEB8ACFEB4}
		{F746D68A-2E9C-45D8-8950-3AA4F3FF8ABD} = {1355B9AD-3849-4B68-BBDF-0EEEB8ACFEB4}
		{33100ECD-900B-4CCD-A9C9-1538C6423D76} = {1355B9AD-3849-4B68-BBDF-0EEEB8ACFEB4}
		{58495345-4279-46CA-9044-1FB31B7BEEFB} = {1355B9AD-3849-4B68-BBDF-0EEEB8ACFEB4}
		{B24247F6-1531-4F70-8883-E9A1D0F33C71} = {1355B9AD-3849-4B68-BBDF-0EEEB8ACFEB4}
		{BAB3479C-DF8D-4C47-A795-EE0A751B27EB} = {1355B9AD-3849-4B68-BBDF-0EEEB8ACFEB4}
		{76E3F3B7-18E3-4126-8C4D-1BC993EFB051} = {52381A07-FBA1-4686-87FC-8AAC2E9CE7A4}
		{C35A21A4-B550-4F36-A656-B05F2934E31E} = {52381A07-FBA1-4686-87FC-8AAC2E9CE7A4}
		{13BCBF4D-8DEA-4990-AEC0-0BA09CF32896} = {52381A07-FBA1-4686-87FC-8AAC2E9CE7A4}
		{3308B718-EC82-438C-BD2D-C164319E4607} = {52381A07-FBA1-4686-87FC-8AAC2E9CE7A4}
		{9528D8BF-5359-4C4F-8C21-A813532E9273} = {52381A07-FBA1-4686-87FC-8AAC2E9CE7A4}
		{45177F0E-27C0-40F3-AD7D-0CBF898A4977} = {52381A07-FBA1-4686-87FC-8AAC2E9CE7A4}
		{73941E98-E41C-4D92-9DED-887CACB97711} = {52381A07-FBA1-4686-87FC-8AAC2E9CE7A4}
		{4BC191E0-E60F-4AEA-BF9B-42F45E8A6759} = {52381A07-FBA1-4686-87FC-8AAC2E9CE7A4}
		{45CD4E4A-D612-41F8-ACC9-A64A71484E02} = {5582A635-4F9B-4142-9E67-5EBAE3E5C789}
		{24AC0C66-6DF4-4BB9-BBC4-4B70D93B2CA9} = {5582A635-4F9B-4142-9E67-5EBAE3E5C789}
		{2020ADA8-089D-4753-8F3C-5EF19AE0E1A3} = {5582A635-4F9B-4142-9E67-5EBAE3E5C789}
		{E1EC5CCB-C929-4C24-BE7B-FC0773664D20} = {5582A635-4F9B-4142-9E67-5EBAE3E5C789}
		{DC68B081-42BC-4820-B22F-C4C4A9D891EB} = {5582A635-4F9B-4142-9E67-5EBAE3E5C789}
		{BC813378-C602-4DD6-A3F9-3F72E4595E82} = {5582A635-4F9B-4142-9E67-5EBAE3E5C789}
		{FC31FA29-69B8-4769-B26B-2627A048ED8F} = {5582A635-4F9B-4142-9E67-5EBAE3E5C789}
		{BEDE1CCD-53F6-479F-82F8-DCEF4D1B5358} = {5582A635-4F9B-4142-9E67-5EBAE3E5C789}
		{B8350136-A7A4-4454-A297-27192784A7DA} = {5582A635-4F9B-4142-9E67-5EBAE3E5C789}
		{66BD79D9-D562-4B5A-A072-2EDC0620B642} = {5582A635-4F9B-4142-9E67-5EBAE3E5C789}
		{5AB94F41-4BF3-423F-98FA-9C96D059DC84} = {5582A635-4F9B-4142-9E67-5EBAE3E5C789}
		{60463105-B69B-4C50-995E-1395FB0D3BAC} = {5582A635-4F9B-4142-9E67-5EBAE3E5C789}
	EndGlobalSection
	GlobalSection(ExtensibilityGlobals) = postSolution
		SolutionGuid = {B6FF3821-E085-4F5E-8480-E7E353D5F5ED}
	EndGlobalSection
EndGlobal
