
Microsoft Visual Studio Solution File, Format Version 12.00
# Visual Studio Version 16
VisualStudioVersion = 16.0.30204.135
MinimumVisualStudioVersion = 10.0.40219.1
Project("{9A19103F-16F7-4668-BE54-9A1E7A4F7556}") = "PersonBuilder", "PersonBuilder\PersonBuilder.csproj", "{5744EE7F-AD2B-4614-93EE-4E2EA1C71396}"
EndProject
Project("{9A19103F-16F7-4668-BE54-9A1E7A4F7556}") = "SalaryCalculator", "SalaryCalculator\SalaryCalculator.csproj", "{A967D7FB-16CC-4E2A-8A06-AE8EE1DF399F}"
EndProject
Project("{9A19103F-16F7-4668-BE54-9A1E7A4F7556}") = "ScreenFilter", "ScreenFilter\ScreenFilter.csproj", "{E7426211-BB1A-4C4D-B90A-23E5012ACCCD}"
EndProject
Project("{FAE04EC0-301F-11D3-BF4B-00C04F79EFBC}") = "PersonProfile", "PersonProfile\PersonProfile.csproj", "{F746D68A-2E9C-45D8-8950-3AA4F3FF8ABD}"
EndProject
Project("{FAE04EC0-301F-11D3-BF4B-00C04F79EFBC}") = "CodeBuilder", "CodeBuilder\CodeBuilder.csproj", "{33100ECD-900B-4CCD-A9C9-1538C6423D76}"
EndProject
Global
	GlobalSection(SolutionConfigurationPlatforms) = preSolution
		Debug|Any CPU = Debug|Any CPU
		Release|Any CPU = Release|Any CPU
	EndGlobalSection
	GlobalSection(ProjectConfigurationPlatforms) = postSolution
		{5744EE7F-AD2B-4614-93EE-4E2EA1C71396}.Debug|Any CPU.ActiveCfg = Debug|Any CPU
		{5744EE7F-AD2B-4614-93EE-4E2EA1C71396}.Debug|Any CPU.Build.0 = Debug|Any CPU
		{5744EE7F-AD2B-4614-93EE-4E2EA1C71396}.Release|Any CPU.ActiveCfg = Release|Any CPU
		{5744EE7F-AD2B-4614-93EE-4E2EA1C71396}.Release|Any CPU.Build.0 = Release|Any CPU
		{A967D7FB-16CC-4E2A-8A06-AE8EE1DF399F}.Debug|Any CPU.ActiveCfg = Debug|Any CPU
		{A967D7FB-16CC-4E2A-8A06-AE8EE1DF399F}.Debug|Any CPU.Build.0 = Debug|Any CPU
		{A967D7FB-16CC-4E2A-8A06-AE8EE1DF399F}.Release|Any CPU.ActiveCfg = Release|Any CPU
		{A967D7FB-16CC-4E2A-8A06-AE8EE1DF399F}.Release|Any CPU.Build.0 = Release|Any CPU
		{E7426211-BB1A-4C4D-B90A-23E5012ACCCD}.Debug|Any CPU.ActiveCfg = Debug|Any CPU
		{E7426211-BB1A-4C4D-B90A-23E5012ACCCD}.Debug|Any CPU.Build.0 = Debug|Any CPU
		{E7426211-BB1A-4C4D-B90A-23E5012ACCCD}.Release|Any CPU.ActiveCfg = Release|Any CPU
		{E7426211-BB1A-4C4D-B90A-23E5012ACCCD}.Release|Any CPU.Build.0 = Release|Any CPU
		{F746D68A-2E9C-45D8-8950-3AA4F3FF8ABD}.Debug|Any CPU.ActiveCfg = Debug|Any CPU
		{F746D68A-2E9C-45D8-8950-3AA4F3FF8ABD}.Debug|Any CPU.Build.0 = Debug|Any CPU
		{F746D68A-2E9C-45D8-8950-3AA4F3FF8ABD}.Release|Any CPU.ActiveCfg = Release|Any CPU
		{F746D68A-2E9C-45D8-8950-3AA4F3FF8ABD}.Release|Any CPU.Build.0 = Release|Any CPU
		{33100ECD-900B-4CCD-A9C9-1538C6423D76}.Debug|Any CPU.ActiveCfg = Debug|Any CPU
		{33100ECD-900B-4CCD-A9C9-1538C6423D76}.Debug|Any CPU.Build.0 = Debug|Any CPU
		{33100ECD-900B-4CCD-A9C9-1538C6423D76}.Release|Any CPU.ActiveCfg = Release|Any CPU
		{33100ECD-900B-4CCD-A9C9-1538C6423D76}.Release|Any CPU.Build.0 = Release|Any CPU
	EndGlobalSection
	GlobalSection(SolutionProperties) = preSolution
		HideSolutionNode = FALSE
	EndGlobalSection
	GlobalSection(ExtensibilityGlobals) = postSolution
		SolutionGuid = {B6FF3821-E085-4F5E-8480-E7E353D5F5ED}
	EndGlobalSection
EndGlobal
